// !$*UTF8*$!
{
	archiveVersion = 1;
	classes = {
	};
	objectVersion = 46;
	objects = {

/* Begin PBXBuildFile section */
		F28EE9631D6FBBE100D80AD3 /* AppDelegate.swift in Sources */ = {isa = PBXBuildFile; fileRef = F28EE9621D6FBBE100D80AD3 /* AppDelegate.swift */; };
		F28EE9651D6FBBE100D80AD3 /* ViewController.swift in Sources */ = {isa = PBXBuildFile; fileRef = F28EE9641D6FBBE100D80AD3 /* ViewController.swift */; };
		F28EE9681D6FBBE100D80AD3 /* Main.storyboard in Resources */ = {isa = PBXBuildFile; fileRef = F28EE9661D6FBBE100D80AD3 /* Main.storyboard */; };
		F28EE96A1D6FBBE100D80AD3 /* Assets.xcassets in Resources */ = {isa = PBXBuildFile; fileRef = F28EE9691D6FBBE100D80AD3 /* Assets.xcassets */; };
		F28EE96D1D6FBBE100D80AD3 /* LaunchScreen.storyboard in Resources */ = {isa = PBXBuildFile; fileRef = F28EE96B1D6FBBE100D80AD3 /* LaunchScreen.storyboard */; };
/* End PBXBuildFile section */

/* Begin PBXFileReference section */
		F28EE95F1D6FBBE100D80AD3 /* CrunchTime.app */ = {isa = PBXFileReference; explicitFileType = wrapper.application; includeInIndex = 0; path = CrunchTime.app; sourceTree = BUILT_PRODUCTS_DIR; };
		F28EE9621D6FBBE100D80AD3 /* AppDelegate.swift */ = {isa = PBXFileReference; lastKnownFileType = sourcecode.swift; path = AppDelegate.swift; sourceTree = "<group>"; };
		F28EE9641D6FBBE100D80AD3 /* ViewController.swift */ = {isa = PBXFileReference; lastKnownFileType = sourcecode.swift; path = ViewController.swift; sourceTree = "<group>"; };
		F28EE9671D6FBBE100D80AD3 /* Base */ = {isa = PBXFileReference; lastKnownFileType = file.storyboard; name = Base; path = Base.lproj/Main.storyboard; sourceTree = "<group>"; };
		F28EE9691D6FBBE100D80AD3 /* Assets.xcassets */ = {isa = PBXFileReference; lastKnownFileType = folder.assetcatalog; path = Assets.xcassets; sourceTree = "<group>"; };
		F28EE96C1D6FBBE100D80AD3 /* Base */ = {isa = PBXFileReference; lastKnownFileType = file.storyboard; name = Base; path = Base.lproj/LaunchScreen.storyboard; sourceTree = "<group>"; };
		F28EE96E1D6FBBE100D80AD3 /* Info.plist */ = {isa = PBXFileReference; lastKnownFileType = text.plist.xml; path = Info.plist; sourceTree = "<group>"; };
/* End PBXFileReference section */

/* Begin PBXFrameworksBuildPhase section */
		F28EE95C1D6FBBE100D80AD3 /* Frameworks */ = {
			isa = PBXFrameworksBuildPhase;
			buildActionMask = 2147483647;
			files = (
			);
			runOnlyForDeploymentPostprocessing = 0;
		};
/* End PBXFrameworksBuildPhase section */

/* Begin PBXGroup section */
		F28EE9561D6FBBE100D80AD3 = {
			isa = PBXGroup;
			children = (
				F28EE9611D6FBBE100D80AD3 /* CrunchTime */,
				F28EE9601D6FBBE100D80AD3 /* Products */,
			);
			sourceTree = "<group>";
		};
		F28EE9601D6FBBE100D80AD3 /* Products */ = {
			isa = PBXGroup;
			children = (
				F28EE95F1D6FBBE100D80AD3 /* CrunchTime.app */,
			);
			name = Products;
			sourceTree = "<group>";
		};
		F28EE9611D6FBBE100D80AD3 /* CrunchTime */ = {
			isa = PBXGroup;
			children = (
				F28EE9621D6FBBE100D80AD3 /* AppDelegate.swift */,
				F28EE9641D6FBBE100D80AD3 /* ViewController.swift */,
				F28EE9661D6FBBE100D80AD3 /* Main.storyboard */,
				F28EE9691D6FBBE100D80AD3 /* Assets.xcassets */,
				F28EE96B1D6FBBE100D80AD3 /* LaunchScreen.storyboard */,
				F28EE96E1D6FBBE100D80AD3 /* Info.plist */,
			);
			path = CrunchTime;
			sourceTree = "<group>";
		};
/* End PBXGroup section */

/* Begin PBXNativeTarget section */
		F28EE95E1D6FBBE100D80AD3 /* CrunchTime */ = {
			isa = PBXNativeTarget;
			buildConfigurationList = F28EE9711D6FBBE100D80AD3 /* Build configuration list for PBXNativeTarget "CrunchTime" */;
			buildPhases = (
				F28EE95B1D6FBBE100D80AD3 /* Sources */,
				F28EE95C1D6FBBE100D80AD3 /* Frameworks */,
				F28EE95D1D6FBBE100D80AD3 /* Resources */,
			);
			buildRules = (
			);
			dependencies = (
			);
			name = CrunchTime;
			productName = CrunchTime;
			productReference = F28EE95F1D6FBBE100D80AD3 /* CrunchTime.app */;
			productType = "com.apple.product-type.application";
		};
/* End PBXNativeTarget section */

/* Begin PBXProject section */
		F28EE9571D6FBBE100D80AD3 /* Project object */ = {
			isa = PBXProject;
			attributes = {
				LastSwiftUpdateCheck = 0730;
				LastUpgradeCheck = 0730;
				ORGANIZATIONNAME = UIUC;
				TargetAttributes = {
					F28EE95E1D6FBBE100D80AD3 = {
						CreatedOnToolsVersion = 7.3.1;
					};
				};
			};
			buildConfigurationList = F28EE95A1D6FBBE100D80AD3 /* Build configuration list for PBXProject "CrunchTime" */;
			compatibilityVersion = "Xcode 3.2";
			developmentRegion = English;
			hasScannedForEncodings = 0;
			knownRegions = (
				en,
				Base,
			);
			mainGroup = F28EE9561D6FBBE100D80AD3;
			productRefGroup = F28EE9601D6FBBE100D80AD3 /* Products */;
			projectDirPath = "";
			projectRoot = "";
			targets = (
				F28EE95E1D6FBBE100D80AD3 /* CrunchTime */,
			);
		};
/* End PBXProject section */

/* Begin PBXResourcesBuildPhase section */
		F28EE95D1D6FBBE100D80AD3 /* Resources */ = {
			isa = PBXResourcesBuildPhase;
			buildActionMask = 2147483647;
			files = (
				F28EE96D1D6FBBE100D80AD3 /* LaunchScreen.storyboard in Resources */,
				F28EE96A1D6FBBE100D80AD3 /* Assets.xcassets in Resources */,
				F28EE9681D6FBBE100D80AD3 /* Main.storyboard in Resources */,
			);
			runOnlyForDeploymentPostprocessing = 0;
		};
/* End PBXResourcesBuildPhase section */

/* Begin PBXSourcesBuildPhase section */
		F28EE95B1D6FBBE100D80AD3 /* Sources */ = {
			isa = PBXSourcesBuildPhase;
			buildActionMask = 2147483647;
			files = (
				F28EE9651D6FBBE100D80AD3 /* ViewController.swift in Sources */,
				F28EE9631D6FBBE100D80AD3 /* AppDelegate.swift in Sources */,
			);
			runOnlyForDeploymentPostprocessing = 0;
		};
/* End PBXSourcesBuildPhase section */

/* Begin PBXVariantGroup section */
		F28EE9661D6FBBE100D80AD3 /* Main.storyboard */ = {
			isa = PBXVariantGroup;
			children = (
				F28EE9671D6FBBE100D80AD3 /* Base */,
			);
			name = Main.storyboard;
			sourceTree = "<group>";
		};
		F28EE96B1D6FBBE100D80AD3 /* LaunchScreen.storyboard */ = {
			isa = PBXVariantGroup;
			children = (
				F28EE96C1D6FBBE100D80AD3 /* Base */,
			);
			name = LaunchScreen.storyboard;
			sourceTree = "<group>";
		};
/* End PBXVariantGroup section */

/* Begin XCBuildConfiguration section */
		F28EE96F1D6FBBE100D80AD3 /* Debug */ = {
			isa = XCBuildConfiguration;
			buildSettings = {
				ALWAYS_SEARCH_USER_PATHS = NO;
				CLANG_ANALYZER_NONNULL = YES;
				CLANG_CXX_LANGUAGE_STANDARD = "gnu++0x";
				CLANG_CXX_LIBRARY = "libc++";
				CLANG_ENABLE_MODULES = YES;
				CLANG_ENABLE_OBJC_ARC = YES;
				CLANG_WARN_BOOL_CONVERSION = YES;
				CLANG_WARN_CONSTANT_CONVERSION = YES;
				CLANG_WARN_DIRECT_OBJC_ISA_USAGE = YES_ERROR;
				CLANG_WARN_EMPTY_BODY = YES;
				CLANG_WARN_ENUM_CONVERSION = YES;
				CLANG_WARN_INT_CONVERSION = YES;
				CLANG_WARN_OBJC_ROOT_CLASS = YES_ERROR;
				CLANG_WARN_UNREACHABLE_CODE = YES;
				CLANG_WARN__DUPLICATE_METHOD_MATCH = YES;
				"CODE_SIGN_IDENTITY[sdk=iphoneos*]" = "iPhone Developer";
				COPY_PHASE_STRIP = NO;
				DEBUG_INFORMATION_FORMAT = dwarf;
				ENABLE_STRICT_OBJC_MSGSEND = YES;
				ENABLE_TESTABILITY = YES;
				GCC_C_LANGUAGE_STANDARD = gnu99;
				GCC_DYNAMIC_NO_PIC = NO;
				GCC_NO_COMMON_BLOCKS = YES;
				GCC_OPTIMIZATION_LEVEL = 0;
				GCC_PREPROCESSOR_DEFINITIONS = (
					"DEBUG=1",
					"$(inherited)",
				);
				GCC_WARN_64_TO_32_BIT_CONVERSION = YES;
				GCC_WARN_ABOUT_RETURN_TYPE = YES_ERROR;
				GCC_WARN_UNDECLARED_SELECTOR = YES;
				GCC_WARN_UNINITIALIZED_AUTOS = YES_AGGRESSIVE;
				GCC_WARN_UNUSED_FUNCTION = YES;
				GCC_WARN_UNUSED_VARIABLE = YES;
				IPHONEOS_DEPLOYMENT_TARGET = 9.3;
				MTL_ENABLE_DEBUG_INFO = YES;
				ONLY_ACTIVE_ARCH = YES;
				SDKROOT = iphoneos;
				SWIFT_OPTIMIZATION_LEVEL = "-Onone";
				TARGETED_DEVICE_FAMILY = "1,2";
			};
			name = Debug;
		};
		F28EE9701D6FBBE100D80AD3 /* Release */ = {
			isa = XCBuildConfiguration;
			buildSettings = {
				ALWAYS_SEARCH_USER_PATHS = NO;
				CLANG_ANALYZER_NONNULL = YES;
				CLANG_CXX_LANGUAGE_STANDARD = "gnu++0x";
				CLANG_CXX_LIBRARY = "libc++";
				CLANG_ENABLE_MODULES = YES;
				CLANG_ENABLE_OBJC_ARC = YES;
				CLANG_WARN_BOOL_CONVERSION = YES;
				CLANG_WARN_CONSTANT_CONVERSION = YES;
				CLANG_WARN_DIRECT_OBJC_ISA_USAGE = YES_ERROR;
				CLANG_WARN_EMPTY_BODY = YES;
				CLANG_WARN_ENUM_CONVERSION = YES;
				CLANG_WARN_INT_CONVERSION = YES;
				CLANG_WARN_OBJC_ROOT_CLASS = YES_ERROR;
				CLANG_WARN_UNREACHABLE_CODE = YES;
				CLANG_WARN__DUPLICATE_METHOD_MATCH = YES;
				"CODE_SIGN_IDENTITY[sdk=iphoneos*]" = "iPhone Developer";
				COPY_PHASE_STRIP = NO;
				DEBUG_INFORMATION_FORMAT = "dwarf-with-dsym";
				ENABLE_NS_ASSERTIONS = NO;
				ENABLE_STRICT_OBJC_MSGSEND = YES;
				GCC_C_LANGUAGE_STANDARD = gnu99;
				GCC_NO_COMMON_BLOCKS = YES;
				GCC_WARN_64_TO_32_BIT_CONVERSION = YES;
				GCC_WARN_ABOUT_RETURN_TYPE = YES_ERROR;
				GCC_WARN_UNDECLARED_SELECTOR = YES;
				GCC_WARN_UNINITIALIZED_AUTOS = YES_AGGRESSIVE;
				GCC_WARN_UNUSED_FUNCTION = YES;
				GCC_WARN_UNUSED_VARIABLE = YES;
				IPHONEOS_DEPLOYMENT_TARGET = 9.3;
				MTL_ENABLE_DEBUG_INFO = NO;
				SDKROOT = iphoneos;
				TARGETED_DEVICE_FAMILY = "1,2";
				VALIDATE_PRODUCT = YES;
			};
			name = Release;
		};
		F28EE9721D6FBBE100D80AD3 /* Debug */ = {
			isa = XCBuildConfiguration;
			buildSettings = {
				ASSETCATALOG_COMPILER_APPICON_NAME = AppIcon;
				INFOPLIST_FILE = CrunchTime/Info.plist;
				LD_RUNPATH_SEARCH_PATHS = "$(inherited) @executable_path/Frameworks";
				PRODUCT_BUNDLE_IDENTIFIER = mxiao6.CrunchTime;
				PRODUCT_NAME = "$(TARGET_NAME)";
			};
			name = Debug;
		};
		F28EE9731D6FBBE100D80AD3 /* Release */ = {
			isa = XCBuildConfiguration;
			buildSettings = {
				ASSETCATALOG_COMPILER_APPICON_NAME = AppIcon;
				INFOPLIST_FILE = CrunchTime/Info.plist;
				LD_RUNPATH_SEARCH_PATHS = "$(inherited) @executable_path/Frameworks";
				PRODUCT_BUNDLE_IDENTIFIER = mxiao6.CrunchTime;
				PRODUCT_NAME = "$(TARGET_NAME)";
			};
			name = Release;
		};
/* End XCBuildConfiguration section */

/* Begin XCConfigurationList section */
		F28EE95A1D6FBBE100D80AD3 /* Build configuration list for PBXProject "CrunchTime" */ = {
			isa = XCConfigurationList;
			buildConfigurations = (
				F28EE96F1D6FBBE100D80AD3 /* Debug */,
				F28EE9701D6FBBE100D80AD3 /* Release */,
			);
			defaultConfigurationIsVisible = 0;
			defaultConfigurationName = Release;
		};
		F28EE9711D6FBBE100D80AD3 /* Build configuration list for PBXNativeTarget "CrunchTime" */ = {
			isa = XCConfigurationList;
			buildConfigurations = (
				F28EE9721D6FBBE100D80AD3 /* Debug */,
				F28EE9731D6FBBE100D80AD3 /* Release */,
			);
			defaultConfigurationIsVisible = 0;
		};
/* End XCConfigurationList section */
	};
	rootObject = F28EE9571D6FBBE100D80AD3 /* Project object */;
}
